
Microsoft Visual Studio Solution File, Format Version 12.00
# Visual Studio 2012
Project("{FAE04EC0-301F-11D3-BF4B-00C04F79EFBC}") = "melvichat", "melvichat\melvichat.csproj", "{D345942E-ACEA-4B59-BB31-7216D39D78EF}"
EndProject
Global
	GlobalSection(SolutionConfigurationPlatforms) = preSolution
		Debug|Any CPU = Debug|Any CPU
		Release|Any CPU = Release|Any CPU
	EndGlobalSection
	GlobalSection(ProjectConfigurationPlatforms) = postSolution
		{D345942E-ACEA-4B59-BB31-7216D39D78EF}.Debug|Any CPU.ActiveCfg = Debug|Any CPU
		{D345942E-ACEA-4B59-BB31-7216D39D78EF}.Debug|Any CPU.Build.0 = Debug|Any CPU
		{D345942E-ACEA-4B59-BB31-7216D39D78EF}.Release|Any CPU.ActiveCfg = Release|Any CPU
		{D345942E-ACEA-4B59-BB31-7216D39D78EF}.Release|Any CPU.Build.0 = Release|Any CPU
	EndGlobalSection
	GlobalSection(SolutionProperties) = preSolution
		HideSolutionNode = FALSE
	EndGlobalSection
EndGlobal
